
Microsoft Visual Studio Solution File, Format Version 12.00
# Visual Studio Version 17
VisualStudioVersion = 17.13.35806.99
MinimumVisualStudioVersion = 10.0.40219.1
Project("{FAE04EC0-301F-11D3-BF4B-00C04F79EFBC}") = "Warehouse_System", "Warehouse_System.csproj", "{B9ADC018-79A7-4478-A329-201E98AB7F29}"
EndProject
Global
	GlobalSection(SolutionConfigurationPlatforms) = preSolution
		Debug|Any CPU = Debug|Any CPU
		Release|Any CPU = Release|Any CPU
	EndGlobalSection
	GlobalSection(ProjectConfigurationPlatforms) = postSolution
		{B9ADC018-79A7-4478-A329-201E98AB7F29}.Debug|Any CPU.ActiveCfg = Debug|Any CPU
		{B9ADC018-79A7-4478-A329-201E98AB7F29}.Debug|Any CPU.Build.0 = Debug|Any CPU
		{B9ADC018-79A7-4478-A329-201E98AB7F29}.Release|Any CPU.ActiveCfg = Release|Any CPU
		{B9ADC018-79A7-4478-A329-201E98AB7F29}.Release|Any CPU.Build.0 = Release|Any CPU
	EndGlobalSection
	GlobalSection(SolutionProperties) = preSolution
		HideSolutionNode = FALSE
	EndGlobalSection
	GlobalSection(ExtensibilityGlobals) = postSolution
		SolutionGuid = {A47AE2BF-0C8D-4A1E-B5A4-617C7DF88051}
	EndGlobalSection
EndGlobal
